
Microsoft Visual Studio Solution File, Format Version 12.00
# Visual Studio Version 16
VisualStudioVersion = 16.0.29503.13
MinimumVisualStudioVersion = 10.0.40219.1
Project("{FAE04EC0-301F-11D3-BF4B-00C04F79EFBC}") = "HouseRental", "HouseRental.csproj", "{381159CC-4418-448D-8DE5-07E11DAED4CA}"
EndProject
Global
	GlobalSection(SolutionConfigurationPlatforms) = preSolution
		Debug|Any CPU = Debug|Any CPU
		Release|Any CPU = Release|Any CPU
	EndGlobalSection
	GlobalSection(ProjectConfigurationPlatforms) = postSolution
		{381159CC-4418-448D-8DE5-07E11DAED4CA}.Debug|Any CPU.ActiveCfg = Debug|Any CPU
		{381159CC-4418-448D-8DE5-07E11DAED4CA}.Debug|Any CPU.Build.0 = Debug|Any CPU
		{381159CC-4418-448D-8DE5-07E11DAED4CA}.Release|Any CPU.ActiveCfg = Release|Any CPU
		{381159CC-4418-448D-8DE5-07E11DAED4CA}.Release|Any CPU.Build.0 = Release|Any CPU
	EndGlobalSection
	GlobalSection(SolutionProperties) = preSolution
		HideSolutionNode = FALSE
	EndGlobalSection
	GlobalSection(ExtensibilityGlobals) = postSolution
		SolutionGuid = {8FFD4967-92FB-456D-B108-691BB739BFBA}
	EndGlobalSection
EndGlobal
